<?xml version="1.0" encoding="utf-8"?>
<Project ToolsVersion="16.0" xmlns="http://schemas.microsoft.com/developer/msbuild/2003">
  <ItemGroup>
    <ClCompile Include="D:\final-project-repository-ctrl-alt-elite\modules\final_project\src\GLViewfinal_project.cpp">
      <Filter>Source Files</Filter>
    </ClCompile>
    <ClCompile Include="D:\final-project-repository-ctrl-alt-elite\modules\final_project\src\final_projectWayPoints.cpp">
      <Filter>Source Files</Filter>
    </ClCompile>
    <ClCompile Include="D:\final-project-repository-ctrl-alt-elite\modules\final_project\src\main.cpp">
      <Filter>Source Files</Filter>
    </ClCompile>
    <ClCompile Include="..\src\box.cpp">
      <Filter>Source Files</Filter>
    </ClCompile>
    <ClCompile Include="..\src\target.cpp">
      <Filter>Source Files</Filter>
    </ClCompile>
  </ItemGroup>
  <ItemGroup>
    <ClInclude Include="D:\final-project-repository-ctrl-alt-elite\modules\final_project\src\GLViewfinal_project.h">
      <Filter>Header Files</Filter>
    </ClInclude>
    <ClInclude Include="D:\final-project-repository-ctrl-alt-elite\modules\final_project\src\final_projectWayPoints.h">
      <Filter>Header Files</Filter>
    </ClInclude>
    <ClInclude Include="..\src\box.h">
      <Filter>Header Files</Filter>
    </ClInclude>
    <ClInclude Include="..\src\target.h">
      <Filter>Header Files</Filter>
    </ClInclude>
  </ItemGroup>
  <ItemGroup>
    <CustomBuild Include="D:\final-project-repository-ctrl-alt-elite\modules\final_project\src\CMakeLists.txt" />
  </ItemGroup>
  <ItemGroup>
    <Filter Include="Header Files">
      <UniqueIdentifier>{9E34E50A-7923-3AA7-A6C3-A42546E0F41E}</UniqueIdentifier>
    </Filter>
    <Filter Include="Source Files">
      <UniqueIdentifier>{215D588F-C960-35DD-822D-20849F58C371}</UniqueIdentifier>
    </Filter>
  </ItemGroup>
</Project>