Microsoft Visual Studio Solution File, Format Version 12.00
# Visual Studio 16
Project("{8BC9CEB8-8B4A-11D0-8D11-00A0C91BC942}") = "ALL_BUILD", "ALL_BUILD.vcxproj", "{9BB63535-AECF-35ED-AE4E-03331B7B1152}"
	ProjectSection(ProjectDependencies) = postProject
		{7C459F99-A719-3188-B26B-C0E50322BA94} = {7C459F99-A719-3188-B26B-C0E50322BA94}
		{83AE9B82-5A32-3C3A-8BAC-1D98C47F3068} = {83AE9B82-5A32-3C3A-8BAC-1D98C47F3068}
	EndProjectSection
EndProject
Project("{8BC9CEB8-8B4A-11D0-8D11-00A0C91BC942}") = "ZERO_CHECK", "ZERO_CHECK.vcxproj", "{7C459F99-A719-3188-B26B-C0E50322BA94}"
	ProjectSection(ProjectDependencies) = postProject
	EndProjectSection
EndProject
Project("{8BC9CEB8-8B4A-11D0-8D11-00A0C91BC942}") = "final_project", "final_project.vcxproj", "{83AE9B82-5A32-3C3A-8BAC-1D98C47F3068}"
	ProjectSection(ProjectDependencies) = postProject
		{7C459F99-A719-3188-B26B-C0E50322BA94} = {7C459F99-A719-3188-B26B-C0E50322BA94}
	EndProjectSection
EndProject
Global
	GlobalSection(SolutionConfigurationPlatforms) = preSolution
		Debug|x64 = Debug|x64
		Release|x64 = Release|x64
		MinSizeRel|x64 = MinSizeRel|x64
		RelWithDebInfo|x64 = RelWithDebInfo|x64
	EndGlobalSection
	GlobalSection(ProjectConfigurationPlatforms) = postSolution
		{9BB63535-AECF-35ED-AE4E-03331B7B1152}.Debug|x64.ActiveCfg = Debug|x64
		{9BB63535-AECF-35ED-AE4E-03331B7B1152}.Release|x64.ActiveCfg = Release|x64
		{9BB63535-AECF-35ED-AE4E-03331B7B1152}.MinSizeRel|x64.ActiveCfg = MinSizeRel|x64
		{9BB63535-AECF-35ED-AE4E-03331B7B1152}.RelWithDebInfo|x64.ActiveCfg = RelWithDebInfo|x64
		{7C459F99-A719-3188-B26B-C0E50322BA94}.Debug|x64.ActiveCfg = Debug|x64
		{7C459F99-A719-3188-B26B-C0E50322BA94}.Debug|x64.Build.0 = Debug|x64
		{7C459F99-A719-3188-B26B-C0E50322BA94}.Release|x64.ActiveCfg = Release|x64
		{7C459F99-A719-3188-B26B-C0E50322BA94}.Release|x64.Build.0 = Release|x64
		{7C459F99-A719-3188-B26B-C0E50322BA94}.MinSizeRel|x64.ActiveCfg = MinSizeRel|x64
		{7C459F99-A719-3188-B26B-C0E50322BA94}.MinSizeRel|x64.Build.0 = MinSizeRel|x64
		{7C459F99-A719-3188-B26B-C0E50322BA94}.RelWithDebInfo|x64.ActiveCfg = RelWithDebInfo|x64
		{7C459F99-A719-3188-B26B-C0E50322BA94}.RelWithDebInfo|x64.Build.0 = RelWithDebInfo|x64
		{83AE9B82-5A32-3C3A-8BAC-1D98C47F3068}.Debug|x64.ActiveCfg = Debug|x64
		{83AE9B82-5A32-3C3A-8BAC-1D98C47F3068}.Debug|x64.Build.0 = Debug|x64
		{83AE9B82-5A32-3C3A-8BAC-1D98C47F3068}.Release|x64.ActiveCfg = Release|x64
		{83AE9B82-5A32-3C3A-8BAC-1D98C47F3068}.Release|x64.Build.0 = Release|x64
		{83AE9B82-5A32-3C3A-8BAC-1D98C47F3068}.MinSizeRel|x64.ActiveCfg = MinSizeRel|x64
		{83AE9B82-5A32-3C3A-8BAC-1D98C47F3068}.MinSizeRel|x64.Build.0 = MinSizeRel|x64
		{83AE9B82-5A32-3C3A-8BAC-1D98C47F3068}.RelWithDebInfo|x64.ActiveCfg = RelWithDebInfo|x64
		{83AE9B82-5A32-3C3A-8BAC-1D98C47F3068}.RelWithDebInfo|x64.Build.0 = RelWithDebInfo|x64
	EndGlobalSection
	GlobalSection(ExtensibilityGlobals) = postSolution
		SolutionGuid = {D843DE76-0D4F-3D6E-83F6-2F11BB8C7FAE}
	EndGlobalSection
	GlobalSection(ExtensibilityAddIns) = postSolution
	EndGlobalSection
EndGlobal
