<?xml version="1.0" encoding="utf-8"?>
<Project ToolsVersion="16.0" xmlns="http://schemas.microsoft.com/developer/msbuild/2003">
  <ItemGroup>
    <CustomBuild Include="D:\final-project-repository-ctrl-alt-elite\modules\final_project\cwin64\CMakeFiles\e82c83902a610ea7cbfa61bbeed84313\generate.stamp.rule">
      <Filter>CMake Rules</Filter>
    </CustomBuild>
  </ItemGroup>
  <ItemGroup>
    <Filter Include="CMake Rules">
      <UniqueIdentifier>{26F53D5D-CBB4-33AC-AC72-85CDA3A58F9B}</UniqueIdentifier>
    </Filter>
  </ItemGroup>
</Project>
